Microsoft Visual Studio Solution File, Format Version 12.00
# Visual Studio 2012
Project("{FAE04EC0-301F-11D3-BF4B-00C04F79EFBC}") = "Squash the Creeps (3D) (C#)", "Squash the Creeps (3D) (C#).csproj", "{F44FDF35-B21F-451A-A304-B541DAC9C211}"
EndProject
Global
	GlobalSection(SolutionConfigurationPlatforms) = preSolution
	Debug|Any CPU = Debug|Any CPU
	ExportDebug|Any CPU = ExportDebug|Any CPU
	ExportRelease|Any CPU = ExportRelease|Any CPU
	EndGlobalSection
	GlobalSection(ProjectConfigurationPlatforms) = postSolution
		{F44FDF35-B21F-451A-A304-B541DAC9C211}.Debug|Any CPU.ActiveCfg = Debug|Any CPU
		{F44FDF35-B21F-451A-A304-B541DAC9C211}.Debug|Any CPU.Build.0 = Debug|Any CPU
		{F44FDF35-B21F-451A-A304-B541DAC9C211}.ExportDebug|Any CPU.ActiveCfg = ExportDebug|Any CPU
		{F44FDF35-B21F-451A-A304-B541DAC9C211}.ExportDebug|Any CPU.Build.0 = ExportDebug|Any CPU
		{F44FDF35-B21F-451A-A304-B541DAC9C211}.ExportRelease|Any CPU.ActiveCfg = ExportRelease|Any CPU
		{F44FDF35-B21F-451A-A304-B541DAC9C211}.ExportRelease|Any CPU.Build.0 = ExportRelease|Any CPU
	EndGlobalSection
EndGlobal
